
Microsoft Visual Studio Solution File, Format Version 12.00
# Visual Studio Version 17
VisualStudioVersion = 17.1.32228.430
MinimumVisualStudioVersion = 10.0.40219.1
Project("{FAE04EC0-301F-11D3-BF4B-00C04F79EFBC}") = "vadasztarsasag", "vadasztarsasag\vadasztarsasag.csproj", "{74E5C2B5-715A-413A-81D8-CBA6184ECFB4}"
EndProject
Global
	GlobalSection(SolutionConfigurationPlatforms) = preSolution
		Debug|Any CPU = Debug|Any CPU
		Release|Any CPU = Release|Any CPU
	EndGlobalSection
	GlobalSection(ProjectConfigurationPlatforms) = postSolution
		{74E5C2B5-715A-413A-81D8-CBA6184ECFB4}.Debug|Any CPU.ActiveCfg = Debug|Any CPU
		{74E5C2B5-715A-413A-81D8-CBA6184ECFB4}.Debug|Any CPU.Build.0 = Debug|Any CPU
		{74E5C2B5-715A-413A-81D8-CBA6184ECFB4}.Release|Any CPU.ActiveCfg = Release|Any CPU
		{74E5C2B5-715A-413A-81D8-CBA6184ECFB4}.Release|Any CPU.Build.0 = Release|Any CPU
	EndGlobalSection
	GlobalSection(SolutionProperties) = preSolution
		HideSolutionNode = FALSE
	EndGlobalSection
	GlobalSection(ExtensibilityGlobals) = postSolution
		SolutionGuid = {3342CB34-F91D-41D0-8CE0-CE0DBC3710AE}
	EndGlobalSection
EndGlobal
